
Microsoft Visual Studio Solution File, Format Version 12.00
# Visual Studio Version 16
VisualStudioVersion = 16.0.31105.61
MinimumVisualStudioVersion = 10.0.40219.1
Project("{FAE04EC0-301F-11D3-BF4B-00C04F79EFBC}") = "Hilton.Vista", "Hilton.Vista\Hilton.Vista.csproj", "{5C67B37F-B565-4243-A448-72D129380C0B}"
EndProject
Project("{FAE04EC0-301F-11D3-BF4B-00C04F79EFBC}") = "Hilton.Modelo", "Hilton.Modelo\Hilton.Modelo.csproj", "{2C872BCC-C7C3-4013-9ADD-2A991B16206A}"
EndProject
Project("{FAE04EC0-301F-11D3-BF4B-00C04F79EFBC}") = "Hilton.Controlador", "Hilton.Controlador\Hilton.Controlador.csproj", "{DF9C756B-BEBF-4B8F-A6BD-5249E8A5FF87}"
EndProject
Global
	GlobalSection(SolutionConfigurationPlatforms) = preSolution
		Debug|Any CPU = Debug|Any CPU
		Release|Any CPU = Release|Any CPU
	EndGlobalSection
	GlobalSection(ProjectConfigurationPlatforms) = postSolution
		{5C67B37F-B565-4243-A448-72D129380C0B}.Debug|Any CPU.ActiveCfg = Debug|Any CPU
		{5C67B37F-B565-4243-A448-72D129380C0B}.Debug|Any CPU.Build.0 = Debug|Any CPU
		{5C67B37F-B565-4243-A448-72D129380C0B}.Release|Any CPU.ActiveCfg = Release|Any CPU
		{5C67B37F-B565-4243-A448-72D129380C0B}.Release|Any CPU.Build.0 = Release|Any CPU
		{2C872BCC-C7C3-4013-9ADD-2A991B16206A}.Debug|Any CPU.ActiveCfg = Debug|Any CPU
		{2C872BCC-C7C3-4013-9ADD-2A991B16206A}.Debug|Any CPU.Build.0 = Debug|Any CPU
		{2C872BCC-C7C3-4013-9ADD-2A991B16206A}.Release|Any CPU.ActiveCfg = Release|Any CPU
		{2C872BCC-C7C3-4013-9ADD-2A991B16206A}.Release|Any CPU.Build.0 = Release|Any CPU
		{DF9C756B-BEBF-4B8F-A6BD-5249E8A5FF87}.Debug|Any CPU.ActiveCfg = Debug|Any CPU
		{DF9C756B-BEBF-4B8F-A6BD-5249E8A5FF87}.Debug|Any CPU.Build.0 = Debug|Any CPU
		{DF9C756B-BEBF-4B8F-A6BD-5249E8A5FF87}.Release|Any CPU.ActiveCfg = Release|Any CPU
		{DF9C756B-BEBF-4B8F-A6BD-5249E8A5FF87}.Release|Any CPU.Build.0 = Release|Any CPU
	EndGlobalSection
	GlobalSection(SolutionProperties) = preSolution
		HideSolutionNode = FALSE
	EndGlobalSection
	GlobalSection(ExtensibilityGlobals) = postSolution
		SolutionGuid = {57A3A74F-B498-4915-AD24-85BFFE576489}
	EndGlobalSection
EndGlobal
